
Microsoft Visual Studio Solution File, Format Version 12.00
# Visual Studio Version 16
VisualStudioVersion = 16.0.809.6
MinimumVisualStudioVersion = 10.0.40219.1
Project("{2150E333-8FDC-42A3-9474-1A3956D46DE8}") = "Solution Items", "Solution Items", "{968B3F1F-5CE5-4E0B-A32F-5A6DDF8D6C48}"
	ProjectSection(SolutionItems) = preProject
		borderify.js = borderify.js
		icons\border-48.png = icons\border-48.png
		manifest.json = manifest.json
	EndProjectSection
EndProject
Global
	GlobalSection(SolutionConfigurationPlatforms) = preSolution
	EndGlobalSection
	GlobalSection(ProjectConfigurationPlatforms) = postSolution
	EndGlobalSection
	GlobalSection(SolutionProperties) = preSolution
		HideSolutionNode = FALSE
	EndGlobalSection
	GlobalSection(ExtensibilityGlobals) = postSolution
		SolutionGuid = {FE1F2612-BEFE-4D7F-A06C-AFEEA658797D}
	EndGlobalSection
EndGlobal
